
Microsoft Visual Studio Solution File, Format Version 12.00
# Visual Studio Version 17
VisualStudioVersion = 17.9.34622.214
MinimumVisualStudioVersion = 10.0.40219.1
Project("{FAE04EC0-301F-11D3-BF4B-00C04F79EFBC}") = "Lez04_09_Esercizio", "Lez04_09_Esercizio\Lez04_09_Esercizio.csproj", "{58F89D3A-14DA-45B9-8B13-269FE32CCBEA}"
EndProject
Global
	GlobalSection(SolutionConfigurationPlatforms) = preSolution
		Debug|Any CPU = Debug|Any CPU
		Release|Any CPU = Release|Any CPU
	EndGlobalSection
	GlobalSection(ProjectConfigurationPlatforms) = postSolution
		{58F89D3A-14DA-45B9-8B13-269FE32CCBEA}.Debug|Any CPU.ActiveCfg = Debug|Any CPU
		{58F89D3A-14DA-45B9-8B13-269FE32CCBEA}.Debug|Any CPU.Build.0 = Debug|Any CPU
		{58F89D3A-14DA-45B9-8B13-269FE32CCBEA}.Release|Any CPU.ActiveCfg = Release|Any CPU
		{58F89D3A-14DA-45B9-8B13-269FE32CCBEA}.Release|Any CPU.Build.0 = Release|Any CPU
	EndGlobalSection
	GlobalSection(SolutionProperties) = preSolution
		HideSolutionNode = FALSE
	EndGlobalSection
	GlobalSection(ExtensibilityGlobals) = postSolution
		SolutionGuid = {1E44505F-49D7-47F1-8645-5194B68409FC}
	EndGlobalSection
EndGlobal
