
Microsoft Visual Studio Solution File, Format Version 12.00
# Visual Studio Version 17
VisualStudioVersion = 17.9.34728.123
MinimumVisualStudioVersion = 10.0.40219.1
Project("{FAE04EC0-301F-11D3-BF4B-00C04F79EFBC}") = "MarioKart", "MarioKart\MarioKart.csproj", "{3396FCA0-3F7E-4DA4-B133-5F17F8D52EDE}"
EndProject
Global
	GlobalSection(SolutionConfigurationPlatforms) = preSolution
		Debug|Any CPU = Debug|Any CPU
		Release|Any CPU = Release|Any CPU
	EndGlobalSection
	GlobalSection(ProjectConfigurationPlatforms) = postSolution
		{3396FCA0-3F7E-4DA4-B133-5F17F8D52EDE}.Debug|Any CPU.ActiveCfg = Debug|Any CPU
		{3396FCA0-3F7E-4DA4-B133-5F17F8D52EDE}.Debug|Any CPU.Build.0 = Debug|Any CPU
		{3396FCA0-3F7E-4DA4-B133-5F17F8D52EDE}.Release|Any CPU.ActiveCfg = Release|Any CPU
		{3396FCA0-3F7E-4DA4-B133-5F17F8D52EDE}.Release|Any CPU.Build.0 = Release|Any CPU
	EndGlobalSection
	GlobalSection(SolutionProperties) = preSolution
		HideSolutionNode = FALSE
	EndGlobalSection
	GlobalSection(ExtensibilityGlobals) = postSolution
		SolutionGuid = {48D7EF4C-DFD3-47ED-AC0C-553FB277C5B6}
	EndGlobalSection
EndGlobal
